PODS:
  - another_brother (0.0.1):
    - BRLMPrinterKit_AB
    - BROTHERSDK
    - Flutter
  - BRLMPrinterKit_AB (4.6.4.3)
  - BROTHERSDK (0.2.1)
  - Flutter (1.0.0)
  - flutter_blue_plus (0.0.1):
    - Flutter
    - flutter_blue_plus/Protos (= 0.0.1)
  - flutter_blue_plus/Protos (0.0.1):
    - Flutter
    - Protobuf (~> 3.11)
  - path_provider_ios (0.0.1):
    - Flutter
  - permission_handler_apple (9.0.4):
    - Flutter
  - Protobuf (3.23.4)

DEPENDENCIES:
  - another_brother (from `.symlinks/plugins/another_brother/ios`)
  - Flutter (from `Flutter`)
  - flutter_blue_plus (from `.symlinks/plugins/flutter_blue_plus/ios`)
  - path_provider_ios (from `.symlinks/plugins/path_provider_ios/ios`)
  - permission_handler_apple (from `.symlinks/plugins/permission_handler_apple/ios`)

SPEC REPOS:
  trunk:
    - BRLMPrinterKit_AB
    - BROTHERSDK
    - Protobuf

EXTERNAL SOURCES:
  another_brother:
    :path: ".symlinks/plugins/another_brother/ios"
  Flutter:
    :path: Flutter
  flutter_blue_plus:
    :path: ".symlinks/plugins/flutter_blue_plus/ios"
  path_provider_ios:
    :path: ".symlinks/plugins/path_provider_ios/ios"
  permission_handler_apple:
    :path: ".symlinks/plugins/permission_handler_apple/ios"

SPEC CHECKSUMS:
  another_brother: 3a29581be543c53dc1d1210ccf5eb34a02f4dc74
  BRLMPrinterKit_AB: 155f2fe28e16833bd3b0dbe335fe470179bb0163
  BROTHERSDK: fd1148e2c5960155384c79e6f80593bc3567aee1
  Flutter: f04841e97a9d0b0a8025694d0796dd46242b2854
  flutter_blue_plus: 6787777145d615de01828f3a9fa423c3c702f0b3
  path_provider_ios: 14f3d2fd28c4fdb42f44e0f751d12861c43cee02
  permission_handler_apple: 44366e37eaf29454a1e7b1b7d736c2cceaeb17ce
  Protobuf: c6bc59bbab3d38a71c67f62d7cb7ca8f8ea4eca1

PODFILE CHECKSUM: ef19549a9bc3046e7bb7d2fab4d021637c0c58a3

COCOAPODS: 1.11.3
